# This file is automatically @generated by Cargo.
# It is not intended for manual editing.
version = 3

[[package]]
name = "cfg-if"
version = "1.0.0"
source = "registry+https://github.com/rust-lang/crates.io-index"
checksum = "baf1de4339761588bc0619e3cbc0120ee582ebb74b53b4efbf79117bd2da40fd"

[[package]]
name = "checkct"
version = "0.1.0"
dependencies = [
 "rand_core",
]

[[package]]
name = "cpufeatures"
version = "0.2.12"
source = "registry+https://github.com/rust-lang/crates.io-index"
checksum = "53fe5e26ff1b7aef8bca9c6080520cfb8d9333c7568e1829cef191a9723e5504"
dependencies = [
 "libc",
]

[[package]]
name = "curve25519-dalek"
version = "4.1.2"
source = "registry+https://github.com/rust-lang/crates.io-index"
checksum = "0a677b8922c94e01bdbb12126b0bc852f00447528dee1782229af9c720c3f348"
dependencies = [
 "cfg-if",
 "cpufeatures",
 "curve25519-dalek-derive",
 "fiat-crypto",
 "platforms",
 "rustc_version",
 "subtle",
]

[[package]]
name = "curve25519-dalek-derive"
version = "0.1.1"
source = "registry+https://github.com/rust-lang/crates.io-index"
checksum = "f46882e17999c6cc590af592290432be3bce0428cb0d5f8b6715e4dc7b383eb3"
dependencies = [
 "proc-macro2",
 "quote",
 "syn",
]

[[package]]
name = "dalek"
version = "0.0.0"
dependencies = [
 "checkct",
 "x25519-dalek",
]

[[package]]
name = "fiat-crypto"
version = "0.2.8"
source = "registry+https://github.com/rust-lang/crates.io-index"
checksum = "38793c55593b33412e3ae40c2c9781ffaa6f438f6f8c10f24e71846fbd7ae01e"

[[package]]
name = "libc"
version = "0.2.153"
source = "registry+https://github.com/rust-lang/crates.io-index"
checksum = "9c198f91728a82281a64e1f4f9eeb25d82cb32a5de251c6bd1b5154d63a8e7bd"

[[package]]
name = "platforms"
version = "3.4.0"
source = "registry+https://github.com/rust-lang/crates.io-index"
checksum = "db23d408679286588f4d4644f965003d056e3dd5abcaaa938116871d7ce2fee7"

[[package]]
name = "proc-macro2"
version = "1.0.81"
source = "registry+https://github.com/rust-lang/crates.io-index"
checksum = "3d1597b0c024618f09a9c3b8655b7e430397a36d23fdafec26d6965e9eec3eba"
dependencies = [
 "unicode-ident",
]

[[package]]
name = "quote"
version = "1.0.36"
source = "registry+https://github.com/rust-lang/crates.io-index"
checksum = "0fa76aaf39101c457836aec0ce2316dbdc3ab723cdda1c6bd4e6ad4208acaca7"
dependencies = [
 "proc-macro2",
]

[[package]]
name = "rand_core"
version = "0.6.4"
source = "registry+https://github.com/rust-lang/crates.io-index"
checksum = "ec0be4795e2f6a28069bec0b5ff3e2ac9bafc99e6a9a7dc3547996c5c816922c"

[[package]]
name = "rustc_version"
version = "0.4.0"
source = "registry+https://github.com/rust-lang/crates.io-index"
checksum = "bfa0f585226d2e68097d4f95d113b15b83a82e819ab25717ec0590d9584ef366"
dependencies = [
 "semver",
]

[[package]]
name = "semver"
version = "1.0.22"
source = "registry+https://github.com/rust-lang/crates.io-index"
checksum = "92d43fe69e652f3df9bdc2b85b2854a0825b86e4fb76bc44d945137d053639ca"

[[package]]
name = "subtle"
version = "2.5.0"
source = "registry+https://github.com/rust-lang/crates.io-index"
checksum = "81cdd64d312baedb58e21336b31bc043b77e01cc99033ce76ef539f78e965ebc"

[[package]]
name = "syn"
version = "2.0.60"
source = "registry+https://github.com/rust-lang/crates.io-index"
checksum = "909518bc7b1c9b779f1bbf07f2929d35af9f0f37e47c6e9ef7f9dddc1e1821f3"
dependencies = [
 "proc-macro2",
 "quote",
 "unicode-ident",
]

[[package]]
name = "unicode-ident"
version = "1.0.12"
source = "registry+https://github.com/rust-lang/crates.io-index"
checksum = "3354b9ac3fae1ff6755cb6db53683adb661634f67557942dea4facebec0fee4b"

[[package]]
name = "x25519-dalek"
version = "2.0.1"
source = "registry+https://github.com/rust-lang/crates.io-index"
checksum = "c7e468321c81fb07fa7f4c636c3972b9100f0346e5b6a9f2bd0603a52f7ed277"
dependencies = [
 "curve25519-dalek",
 "rand_core",
]
